// !$*UTF8*$!
{
	archiveVersion = 1;
	classes = {
	};
	objectVersion = 46;
	objects = {

/* Begin PBXBuildFile section */
		841044D01DDB024700E9E0F5 /* CoreDataStack.swift in Sources */ = {isa = PBXBuildFile; fileRef = 841044CF1DDB024700E9E0F5 /* CoreDataStack.swift */; };
		841044D31DDB0AF000E9E0F5 /* vkswift.xcdatamodeld in Sources */ = {isa = PBXBuildFile; fileRef = 841044D11DDB0AF000E9E0F5 /* vkswift.xcdatamodeld */; };
		841044D61DDB0B4000E9E0F5 /* VKPost+CoreDataClass.swift in Sources */ = {isa = PBXBuildFile; fileRef = 841044D41DDB0B4000E9E0F5 /* VKPost+CoreDataClass.swift */; };
		841044D71DDB0B4000E9E0F5 /* VKPost+CoreDataProperties.swift in Sources */ = {isa = PBXBuildFile; fileRef = 841044D51DDB0B4000E9E0F5 /* VKPost+CoreDataProperties.swift */; };
		841044DA1DDB25C600E9E0F5 /* VKUser+CoreDataClass.swift in Sources */ = {isa = PBXBuildFile; fileRef = 841044D81DDB25C600E9E0F5 /* VKUser+CoreDataClass.swift */; };
		841044DB1DDB25C600E9E0F5 /* VKUser+CoreDataProperties.swift in Sources */ = {isa = PBXBuildFile; fileRef = 841044D91DDB25C600E9E0F5 /* VKUser+CoreDataProperties.swift */; };
		841B4ABC1DD857360051287E /* AZUser.swift in Sources */ = {isa = PBXBuildFile; fileRef = 841B4ABB1DD857360051287E /* AZUser.swift */; };
		841B4ABE1DD857610051287E /* AZServerObject.swift in Sources */ = {isa = PBXBuildFile; fileRef = 841B4ABD1DD857610051287E /* AZServerObject.swift */; };
		841B4AC01DD863AD0051287E /* AZServerClient.swift in Sources */ = {isa = PBXBuildFile; fileRef = 841B4ABF1DD863AD0051287E /* AZServerClient.swift */; };
		841B4AC21DD865A00051287E /* AZToken.swift in Sources */ = {isa = PBXBuildFile; fileRef = 841B4AC11DD865A00051287E /* AZToken.swift */; };
		841B4ACD1DD890E70051287E /* constants.swift in Sources */ = {isa = PBXBuildFile; fileRef = 841B4ACC1DD890E70051287E /* constants.swift */; };
		841B4ACF1DD8F29D0051287E /* AZPost.swift in Sources */ = {isa = PBXBuildFile; fileRef = 841B4ACE1DD8F29D0051287E /* AZPost.swift */; };
		84234EA91DD65F9A003F28A4 /* AppDelegate.swift in Sources */ = {isa = PBXBuildFile; fileRef = 84234EA81DD65F9A003F28A4 /* AppDelegate.swift */; };
		84234EAB1DD65F9A003F28A4 /* AZMainVC.swift in Sources */ = {isa = PBXBuildFile; fileRef = 84234EAA1DD65F9A003F28A4 /* AZMainVC.swift */; };
		84234EAE1DD65F9A003F28A4 /* Main.storyboard in Resources */ = {isa = PBXBuildFile; fileRef = 84234EAC1DD65F9A003F28A4 /* Main.storyboard */; };
		84234EB31DD65F9A003F28A4 /* Assets.xcassets in Resources */ = {isa = PBXBuildFile; fileRef = 84234EB21DD65F9A003F28A4 /* Assets.xcassets */; };
		84234EB61DD65F9A003F28A4 /* LaunchScreen.storyboard in Resources */ = {isa = PBXBuildFile; fileRef = 84234EB41DD65F9A003F28A4 /* LaunchScreen.storyboard */; };
		84234EBE1DD6661D003F28A4 /* AZLoginVC.swift in Sources */ = {isa = PBXBuildFile; fileRef = 84234EBD1DD6661D003F28A4 /* AZLoginVC.swift */; };
		84EA69451DD997AA005944BD /* CoreDataTableViewController.swift in Sources */ = {isa = PBXBuildFile; fileRef = 84EA69441DD997AA005944BD /* CoreDataTableViewController.swift */; };
		84EA69471DD998CB005944BD /* MOCExtensions.swift in Sources */ = {isa = PBXBuildFile; fileRef = 84EA69461DD998CB005944BD /* MOCExtensions.swift */; };
		84ED3C621DDE0ACD00AFC393 /* imageViewExtensions.swift in Sources */ = {isa = PBXBuildFile; fileRef = 84ED3C611DDE0ACD00AFC393 /* imageViewExtensions.swift */; };
		84F756CE1DDC786700C18000 /* MyOldMainVC.swift in Sources */ = {isa = PBXBuildFile; fileRef = 84F756CD1DDC786700C18000 /* MyOldMainVC.swift */; };
		D3759D3592BD849021FB4703 /* Pods_vkswift.framework in Frameworks */ = {isa = PBXBuildFile; fileRef = 9BA3D2CA8148A9B17C167DD2 /* Pods_vkswift.framework */; };
/* End PBXBuildFile section */

/* Begin PBXFileReference section */
		841044CF1DDB024700E9E0F5 /* CoreDataStack.swift */ = {isa = PBXFileReference; fileEncoding = 4; lastKnownFileType = sourcecode.swift; path = CoreDataStack.swift; sourceTree = "<group>"; };
		841044D21DDB0AF000E9E0F5 /* vkswift.xcdatamodel */ = {isa = PBXFileReference; lastKnownFileType = wrapper.xcdatamodel; path = vkswift.xcdatamodel; sourceTree = "<group>"; };
		841044D41DDB0B4000E9E0F5 /* VKPost+CoreDataClass.swift */ = {isa = PBXFileReference; fileEncoding = 4; lastKnownFileType = sourcecode.swift; path = "VKPost+CoreDataClass.swift"; sourceTree = "<group>"; };
		841044D51DDB0B4000E9E0F5 /* VKPost+CoreDataProperties.swift */ = {isa = PBXFileReference; fileEncoding = 4; lastKnownFileType = sourcecode.swift; path = "VKPost+CoreDataProperties.swift"; sourceTree = "<group>"; };
		841044D81DDB25C600E9E0F5 /* VKUser+CoreDataClass.swift */ = {isa = PBXFileReference; fileEncoding = 4; lastKnownFileType = sourcecode.swift; path = "VKUser+CoreDataClass.swift"; sourceTree = "<group>"; };
		841044D91DDB25C600E9E0F5 /* VKUser+CoreDataProperties.swift */ = {isa = PBXFileReference; fileEncoding = 4; lastKnownFileType = sourcecode.swift; path = "VKUser+CoreDataProperties.swift"; sourceTree = "<group>"; };
		841B4ABB1DD857360051287E /* AZUser.swift */ = {isa = PBXFileReference; fileEncoding = 4; lastKnownFileType = sourcecode.swift; path = AZUser.swift; sourceTree = "<group>"; };
		841B4ABD1DD857610051287E /* AZServerObject.swift */ = {isa = PBXFileReference; fileEncoding = 4; lastKnownFileType = sourcecode.swift; path = AZServerObject.swift; sourceTree = "<group>"; };
		841B4ABF1DD863AD0051287E /* AZServerClient.swift */ = {isa = PBXFileReference; fileEncoding = 4; lastKnownFileType = sourcecode.swift; path = AZServerClient.swift; sourceTree = "<group>"; };
		841B4AC11DD865A00051287E /* AZToken.swift */ = {isa = PBXFileReference; fileEncoding = 4; lastKnownFileType = sourcecode.swift; path = AZToken.swift; sourceTree = "<group>"; };
		841B4ACC1DD890E70051287E /* constants.swift */ = {isa = PBXFileReference; fileEncoding = 4; lastKnownFileType = sourcecode.swift; path = constants.swift; sourceTree = "<group>"; };
		841B4ACE1DD8F29D0051287E /* AZPost.swift */ = {isa = PBXFileReference; fileEncoding = 4; lastKnownFileType = sourcecode.swift; path = AZPost.swift; sourceTree = "<group>"; };
		84234EA51DD65F9A003F28A4 /* vkswift.app */ = {isa = PBXFileReference; explicitFileType = wrapper.application; includeInIndex = 0; path = vkswift.app; sourceTree = BUILT_PRODUCTS_DIR; };
		84234EA81DD65F9A003F28A4 /* AppDelegate.swift */ = {isa = PBXFileReference; lastKnownFileType = sourcecode.swift; path = AppDelegate.swift; sourceTree = "<group>"; };
		84234EAA1DD65F9A003F28A4 /* AZMainVC.swift */ = {isa = PBXFileReference; lastKnownFileType = sourcecode.swift; path = AZMainVC.swift; sourceTree = "<group>"; };
		84234EAD1DD65F9A003F28A4 /* Base */ = {isa = PBXFileReference; lastKnownFileType = file.storyboard; name = Base; path = Base.lproj/Main.storyboard; sourceTree = "<group>"; };
		84234EB21DD65F9A003F28A4 /* Assets.xcassets */ = {isa = PBXFileReference; lastKnownFileType = folder.assetcatalog; path = Assets.xcassets; sourceTree = "<group>"; };
		84234EB51DD65F9A003F28A4 /* Base */ = {isa = PBXFileReference; lastKnownFileType = file.storyboard; name = Base; path = Base.lproj/LaunchScreen.storyboard; sourceTree = "<group>"; };
		84234EB71DD65F9A003F28A4 /* Info.plist */ = {isa = PBXFileReference; lastKnownFileType = text.plist.xml; path = Info.plist; sourceTree = "<group>"; };
		84234EBD1DD6661D003F28A4 /* AZLoginVC.swift */ = {isa = PBXFileReference; fileEncoding = 4; lastKnownFileType = sourcecode.swift; path = AZLoginVC.swift; sourceTree = "<group>"; };
		84EA69441DD997AA005944BD /* CoreDataTableViewController.swift */ = {isa = PBXFileReference; fileEncoding = 4; lastKnownFileType = sourcecode.swift; path = CoreDataTableViewController.swift; sourceTree = "<group>"; };
		84EA69461DD998CB005944BD /* MOCExtensions.swift */ = {isa = PBXFileReference; fileEncoding = 4; lastKnownFileType = sourcecode.swift; path = MOCExtensions.swift; sourceTree = "<group>"; };
		84ED3C611DDE0ACD00AFC393 /* imageViewExtensions.swift */ = {isa = PBXFileReference; fileEncoding = 4; lastKnownFileType = sourcecode.swift; path = imageViewExtensions.swift; sourceTree = "<group>"; };
		84F756CD1DDC786700C18000 /* MyOldMainVC.swift */ = {isa = PBXFileReference; fileEncoding = 4; lastKnownFileType = sourcecode.swift; path = MyOldMainVC.swift; sourceTree = "<group>"; };
		9BA3D2CA8148A9B17C167DD2 /* Pods_vkswift.framework */ = {isa = PBXFileReference; explicitFileType = wrapper.framework; includeInIndex = 0; path = Pods_vkswift.framework; sourceTree = BUILT_PRODUCTS_DIR; };
		AC14D3EE5FFEF98DFBC15B04 /* Pods-vkswift.debug.xcconfig */ = {isa = PBXFileReference; includeInIndex = 1; lastKnownFileType = text.xcconfig; name = "Pods-vkswift.debug.xcconfig"; path = "Pods/Target Support Files/Pods-vkswift/Pods-vkswift.debug.xcconfig"; sourceTree = "<group>"; };
		DF768CD34581C645AB9EC7ED /* Pods-vkswift.release.xcconfig */ = {isa = PBXFileReference; includeInIndex = 1; lastKnownFileType = text.xcconfig; name = "Pods-vkswift.release.xcconfig"; path = "Pods/Target Support Files/Pods-vkswift/Pods-vkswift.release.xcconfig"; sourceTree = "<group>"; };
/* End PBXFileReference section */

/* Begin PBXFrameworksBuildPhase section */
		84234EA21DD65F9A003F28A4 /* Frameworks */ = {
			isa = PBXFrameworksBuildPhase;
			buildActionMask = 2147483647;
			files = (
				D3759D3592BD849021FB4703 /* Pods_vkswift.framework in Frameworks */,
			);
			runOnlyForDeploymentPostprocessing = 0;
		};
/* End PBXFrameworksBuildPhase section */

/* Begin PBXGroup section */
		65162E60AB7D845F2BB6151E /* Frameworks */ = {
			isa = PBXGroup;
			children = (
				9BA3D2CA8148A9B17C167DD2 /* Pods_vkswift.framework */,
			);
			name = Frameworks;
			sourceTree = "<group>";
		};
		841B4AC31DD871F80051287E /* controllers */ = {
			isa = PBXGroup;
			children = (
				84234EAA1DD65F9A003F28A4 /* AZMainVC.swift */,
				84F756CD1DDC786700C18000 /* MyOldMainVC.swift */,
				84EA69441DD997AA005944BD /* CoreDataTableViewController.swift */,
				84234EBD1DD6661D003F28A4 /* AZLoginVC.swift */,
			);
			name = controllers;
			sourceTree = "<group>";
		};
		841B4AC41DD872230051287E /* Models */ = {
			isa = PBXGroup;
			children = (
				841B4AC11DD865A00051287E /* AZToken.swift */,
				841B4ABB1DD857360051287E /* AZUser.swift */,
				841B4ACE1DD8F29D0051287E /* AZPost.swift */,
				841B4ABD1DD857610051287E /* AZServerObject.swift */,
			);
			name = Models;
			sourceTree = "<group>";
		};
		841B4AC51DD872440051287E /* Services */ = {
			isa = PBXGroup;
			children = (
				841B4ABF1DD863AD0051287E /* AZServerClient.swift */,
			);
			name = Services;
			sourceTree = "<group>";
		};
		841B4AC91DD8869A0051287E /* Utils */ = {
			isa = PBXGroup;
			children = (
				841B4ACC1DD890E70051287E /* constants.swift */,
				84ED3C611DDE0ACD00AFC393 /* imageViewExtensions.swift */,
			);
			name = Utils;
			sourceTree = "<group>";
		};
		84234E9C1DD65F9A003F28A4 = {
			isa = PBXGroup;
			children = (
				84234EA71DD65F9A003F28A4 /* vkswift */,
				84234EA61DD65F9A003F28A4 /* Products */,
				B6DAAD5CB7C132FAB8A02502 /* Pods */,
				65162E60AB7D845F2BB6151E /* Frameworks */,
			);
			sourceTree = "<group>";
		};
		84234EA61DD65F9A003F28A4 /* Products */ = {
			isa = PBXGroup;
			children = (
				84234EA51DD65F9A003F28A4 /* vkswift.app */,
			);
			name = Products;
			sourceTree = "<group>";
		};
		84234EA71DD65F9A003F28A4 /* vkswift */ = {
			isa = PBXGroup;
			children = (
				84EA69501DD9B069005944BD /* CoreData */,
				841B4AC91DD8869A0051287E /* Utils */,
				841B4AC31DD871F80051287E /* controllers */,
				841B4AC51DD872440051287E /* Services */,
				841B4AC41DD872230051287E /* Models */,
				84234EAC1DD65F9A003F28A4 /* Main.storyboard */,
				84234EA81DD65F9A003F28A4 /* AppDelegate.swift */,
				841044D11DDB0AF000E9E0F5 /* vkswift.xcdatamodeld */,
				84234EB21DD65F9A003F28A4 /* Assets.xcassets */,
				84234EB41DD65F9A003F28A4 /* LaunchScreen.storyboard */,
				84234EB71DD65F9A003F28A4 /* Info.plist */,
			);
			path = vkswift;
			sourceTree = "<group>";
		};
		84EA69501DD9B069005944BD /* CoreData */ = {
			isa = PBXGroup;
			children = (
				841044D81DDB25C600E9E0F5 /* VKUser+CoreDataClass.swift */,
				841044D91DDB25C600E9E0F5 /* VKUser+CoreDataProperties.swift */,
				841044D41DDB0B4000E9E0F5 /* VKPost+CoreDataClass.swift */,
				841044D51DDB0B4000E9E0F5 /* VKPost+CoreDataProperties.swift */,
				84EA69461DD998CB005944BD /* MOCExtensions.swift */,
				841044CF1DDB024700E9E0F5 /* CoreDataStack.swift */,
			);
			name = CoreData;
			sourceTree = "<group>";
		};
		B6DAAD5CB7C132FAB8A02502 /* Pods */ = {
			isa = PBXGroup;
			children = (
				AC14D3EE5FFEF98DFBC15B04 /* Pods-vkswift.debug.xcconfig */,
				DF768CD34581C645AB9EC7ED /* Pods-vkswift.release.xcconfig */,
			);
			name = Pods;
			sourceTree = "<group>";
		};
/* End PBXGroup section */

/* Begin PBXNativeTarget section */
		84234EA41DD65F9A003F28A4 /* vkswift */ = {
			isa = PBXNativeTarget;
			buildConfigurationList = 84234EBA1DD65F9A003F28A4 /* Build configuration list for PBXNativeTarget "vkswift" */;
			buildPhases = (
				B09ADDCB67F209BADB1ABFF9 /* [CP] Check Pods Manifest.lock */,
				84234EA11DD65F9A003F28A4 /* Sources */,
				84234EA21DD65F9A003F28A4 /* Frameworks */,
				84234EA31DD65F9A003F28A4 /* Resources */,
				3057D7C4A7035E91A2A6BE36 /* [CP] Embed Pods Frameworks */,
				5BD49EF299761AF003B2168B /* [CP] Copy Pods Resources */,
			);
			buildRules = (
			);
			dependencies = (
			);
			name = vkswift;
			productName = vkswift;
			productReference = 84234EA51DD65F9A003F28A4 /* vkswift.app */;
			productType = "com.apple.product-type.application";
		};
/* End PBXNativeTarget section */

/* Begin PBXProject section */
		84234E9D1DD65F9A003F28A4 /* Project object */ = {
			isa = PBXProject;
			attributes = {
				LastSwiftUpdateCheck = 0810;
				LastUpgradeCheck = 0810;
				ORGANIZATIONNAME = mcat345;
				TargetAttributes = {
					84234EA41DD65F9A003F28A4 = {
						CreatedOnToolsVersion = 8.1;
						DevelopmentTeam = PWK5859Q78;
						ProvisioningStyle = Automatic;
					};
				};
			};
			buildConfigurationList = 84234EA01DD65F9A003F28A4 /* Build configuration list for PBXProject "vkswift" */;
			compatibilityVersion = "Xcode 3.2";
			developmentRegion = English;
			hasScannedForEncodings = 0;
			knownRegions = (
				en,
				Base,
			);
			mainGroup = 84234E9C1DD65F9A003F28A4;
			productRefGroup = 84234EA61DD65F9A003F28A4 /* Products */;
			projectDirPath = "";
			projectRoot = "";
			targets = (
				84234EA41DD65F9A003F28A4 /* vkswift */,
			);
		};
/* End PBXProject section */

/* Begin PBXResourcesBuildPhase section */
		84234EA31DD65F9A003F28A4 /* Resources */ = {
			isa = PBXResourcesBuildPhase;
			buildActionMask = 2147483647;
			files = (
				84234EB61DD65F9A003F28A4 /* LaunchScreen.storyboard in Resources */,
				84234EB31DD65F9A003F28A4 /* Assets.xcassets in Resources */,
				84234EAE1DD65F9A003F28A4 /* Main.storyboard in Resources */,
			);
			runOnlyForDeploymentPostprocessing = 0;
		};
/* End PBXResourcesBuildPhase section */

/* Begin PBXShellScriptBuildPhase section */
		3057D7C4A7035E91A2A6BE36 /* [CP] Embed Pods Frameworks */ = {
			isa = PBXShellScriptBuildPhase;
			buildActionMask = 2147483647;
			files = (
			);
			inputPaths = (
			);
			name = "[CP] Embed Pods Frameworks";
			outputPaths = (
			);
			runOnlyForDeploymentPostprocessing = 0;
			shellPath = /bin/sh;
			shellScript = "\"${SRCROOT}/Pods/Target Support Files/Pods-vkswift/Pods-vkswift-frameworks.sh\"\n";
			showEnvVarsInLog = 0;
		};
		5BD49EF299761AF003B2168B /* [CP] Copy Pods Resources */ = {
			isa = PBXShellScriptBuildPhase;
			buildActionMask = 2147483647;
			files = (
			);
			inputPaths = (
			);
			name = "[CP] Copy Pods Resources";
			outputPaths = (
			);
			runOnlyForDeploymentPostprocessing = 0;
			shellPath = /bin/sh;
			shellScript = "\"${SRCROOT}/Pods/Target Support Files/Pods-vkswift/Pods-vkswift-resources.sh\"\n";
			showEnvVarsInLog = 0;
		};
		B09ADDCB67F209BADB1ABFF9 /* [CP] Check Pods Manifest.lock */ = {
			isa = PBXShellScriptBuildPhase;
			buildActionMask = 2147483647;
			files = (
			);
			inputPaths = (
			);
			name = "[CP] Check Pods Manifest.lock";
			outputPaths = (
			);
			runOnlyForDeploymentPostprocessing = 0;
			shellPath = /bin/sh;
			shellScript = "diff \"${PODS_ROOT}/../Podfile.lock\" \"${PODS_ROOT}/Manifest.lock\" > /dev/null\nif [ $? != 0 ] ; then\n    # print error to STDERR\n    echo \"error: The sandbox is not in sync with the Podfile.lock. Run 'pod install' or update your CocoaPods installation.\" >&2\n    exit 1\nfi\n";
			showEnvVarsInLog = 0;
		};
/* End PBXShellScriptBuildPhase section */

/* Begin PBXSourcesBuildPhase section */
		84234EA11DD65F9A003F28A4 /* Sources */ = {
			isa = PBXSourcesBuildPhase;
			buildActionMask = 2147483647;
			files = (
				841B4ABE1DD857610051287E /* AZServerObject.swift in Sources */,
				84234EAB1DD65F9A003F28A4 /* AZMainVC.swift in Sources */,
				84EA69471DD998CB005944BD /* MOCExtensions.swift in Sources */,
				841044D01DDB024700E9E0F5 /* CoreDataStack.swift in Sources */,
				84EA69451DD997AA005944BD /* CoreDataTableViewController.swift in Sources */,
				84F756CE1DDC786700C18000 /* MyOldMainVC.swift in Sources */,
				841B4ACF1DD8F29D0051287E /* AZPost.swift in Sources */,
				841044D31DDB0AF000E9E0F5 /* vkswift.xcdatamodeld in Sources */,
				841B4ACD1DD890E70051287E /* constants.swift in Sources */,
				841044D71DDB0B4000E9E0F5 /* VKPost+CoreDataProperties.swift in Sources */,
				841044DA1DDB25C600E9E0F5 /* VKUser+CoreDataClass.swift in Sources */,
				841044D61DDB0B4000E9E0F5 /* VKPost+CoreDataClass.swift in Sources */,
				84ED3C621DDE0ACD00AFC393 /* imageViewExtensions.swift in Sources */,
				841B4AC01DD863AD0051287E /* AZServerClient.swift in Sources */,
				841044DB1DDB25C600E9E0F5 /* VKUser+CoreDataProperties.swift in Sources */,
				841B4ABC1DD857360051287E /* AZUser.swift in Sources */,
				841B4AC21DD865A00051287E /* AZToken.swift in Sources */,
				84234EA91DD65F9A003F28A4 /* AppDelegate.swift in Sources */,
				84234EBE1DD6661D003F28A4 /* AZLoginVC.swift in Sources */,
			);
			runOnlyForDeploymentPostprocessing = 0;
		};
/* End PBXSourcesBuildPhase section */

/* Begin PBXVariantGroup section */
		84234EAC1DD65F9A003F28A4 /* Main.storyboard */ = {
			isa = PBXVariantGroup;
			children = (
				84234EAD1DD65F9A003F28A4 /* Base */,
			);
			name = Main.storyboard;
			sourceTree = "<group>";
		};
		84234EB41DD65F9A003F28A4 /* LaunchScreen.storyboard */ = {
			isa = PBXVariantGroup;
			children = (
				84234EB51DD65F9A003F28A4 /* Base */,
			);
			name = LaunchScreen.storyboard;
			sourceTree = "<group>";
		};
/* End PBXVariantGroup section */

/* Begin XCBuildConfiguration section */
		84234EB81DD65F9A003F28A4 /* Debug */ = {
			isa = XCBuildConfiguration;
			buildSettings = {
				ALWAYS_SEARCH_USER_PATHS = NO;
				CLANG_ANALYZER_NONNULL = YES;
				CLANG_CXX_LANGUAGE_STANDARD = "gnu++0x";
				CLANG_CXX_LIBRARY = "libc++";
				CLANG_ENABLE_MODULES = YES;
				CLANG_ENABLE_OBJC_ARC = YES;
				CLANG_WARN_BOOL_CONVERSION = YES;
				CLANG_WARN_CONSTANT_CONVERSION = YES;
				CLANG_WARN_DIRECT_OBJC_ISA_USAGE = YES_ERROR;
				CLANG_WARN_DOCUMENTATION_COMMENTS = YES;
				CLANG_WARN_EMPTY_BODY = YES;
				CLANG_WARN_ENUM_CONVERSION = YES;
				CLANG_WARN_INFINITE_RECURSION = YES;
				CLANG_WARN_INT_CONVERSION = YES;
				CLANG_WARN_OBJC_ROOT_CLASS = YES_ERROR;
				CLANG_WARN_SUSPICIOUS_MOVE = YES;
				CLANG_WARN_SUSPICIOUS_MOVES = YES;
				CLANG_WARN_UNREACHABLE_CODE = YES;
				CLANG_WARN__DUPLICATE_METHOD_MATCH = YES;
				"CODE_SIGN_IDENTITY[sdk=iphoneos*]" = "iPhone Developer";
				COPY_PHASE_STRIP = NO;
				DEBUG_INFORMATION_FORMAT = dwarf;
				ENABLE_STRICT_OBJC_MSGSEND = YES;
				ENABLE_TESTABILITY = YES;
				GCC_C_LANGUAGE_STANDARD = gnu99;
				GCC_DYNAMIC_NO_PIC = NO;
				GCC_NO_COMMON_BLOCKS = YES;
				GCC_OPTIMIZATION_LEVEL = 0;
				GCC_PREPROCESSOR_DEFINITIONS = (
					"DEBUG=1",
					"$(inherited)",
				);
				GCC_WARN_64_TO_32_BIT_CONVERSION = YES;
				GCC_WARN_ABOUT_RETURN_TYPE = YES_ERROR;
				GCC_WARN_UNDECLARED_SELECTOR = YES;
				GCC_WARN_UNINITIALIZED_AUTOS = YES_AGGRESSIVE;
				GCC_WARN_UNUSED_FUNCTION = YES;
				GCC_WARN_UNUSED_VARIABLE = YES;
				IPHONEOS_DEPLOYMENT_TARGET = 10.1;
				MTL_ENABLE_DEBUG_INFO = YES;
				ONLY_ACTIVE_ARCH = YES;
				SDKROOT = iphoneos;
				SWIFT_ACTIVE_COMPILATION_CONDITIONS = DEBUG;
				SWIFT_OPTIMIZATION_LEVEL = "-Onone";
			};
			name = Debug;
		};
		84234EB91DD65F9A003F28A4 /* Release */ = {
			isa = XCBuildConfiguration;
			buildSettings = {
				ALWAYS_SEARCH_USER_PATHS = NO;
				CLANG_ANALYZER_NONNULL = YES;
				CLANG_CXX_LANGUAGE_STANDARD = "gnu++0x";
				CLANG_CXX_LIBRARY = "libc++";
				CLANG_ENABLE_MODULES = YES;
				CLANG_ENABLE_OBJC_ARC = YES;
				CLANG_WARN_BOOL_CONVERSION = YES;
				CLANG_WARN_CONSTANT_CONVERSION = YES;
				CLANG_WARN_DIRECT_OBJC_ISA_USAGE = YES_ERROR;
				CLANG_WARN_DOCUMENTATION_COMMENTS = YES;
				CLANG_WARN_EMPTY_BODY = YES;
				CLANG_WARN_ENUM_CONVERSION = YES;
				CLANG_WARN_INFINITE_RECURSION = YES;
				CLANG_WARN_INT_CONVERSION = YES;
				CLANG_WARN_OBJC_ROOT_CLASS = YES_ERROR;
				CLANG_WARN_SUSPICIOUS_MOVE = YES;
				CLANG_WARN_SUSPICIOUS_MOVES = YES;
				CLANG_WARN_UNREACHABLE_CODE = YES;
				CLANG_WARN__DUPLICATE_METHOD_MATCH = YES;
				"CODE_SIGN_IDENTITY[sdk=iphoneos*]" = "iPhone Developer";
				COPY_PHASE_STRIP = NO;
				DEBUG_INFORMATION_FORMAT = "dwarf-with-dsym";
				ENABLE_NS_ASSERTIONS = NO;
				ENABLE_STRICT_OBJC_MSGSEND = YES;
				GCC_C_LANGUAGE_STANDARD = gnu99;
				GCC_NO_COMMON_BLOCKS = YES;
				GCC_WARN_64_TO_32_BIT_CONVERSION = YES;
				GCC_WARN_ABOUT_RETURN_TYPE = YES_ERROR;
				GCC_WARN_UNDECLARED_SELECTOR = YES;
				GCC_WARN_UNINITIALIZED_AUTOS = YES_AGGRESSIVE;
				GCC_WARN_UNUSED_FUNCTION = YES;
				GCC_WARN_UNUSED_VARIABLE = YES;
				IPHONEOS_DEPLOYMENT_TARGET = 10.1;
				MTL_ENABLE_DEBUG_INFO = NO;
				SDKROOT = iphoneos;
				SWIFT_OPTIMIZATION_LEVEL = "-Owholemodule";
				VALIDATE_PRODUCT = YES;
			};
			name = Release;
		};
		84234EBB1DD65F9A003F28A4 /* Debug */ = {
			isa = XCBuildConfiguration;
			baseConfigurationReference = AC14D3EE5FFEF98DFBC15B04 /* Pods-vkswift.debug.xcconfig */;
			buildSettings = {
				ALWAYS_EMBED_SWIFT_STANDARD_LIBRARIES = YES;
				ASSETCATALOG_COMPILER_APPICON_NAME = AppIcon;
				DEVELOPMENT_TEAM = PWK5859Q78;
				INFOPLIST_FILE = vkswift/Info.plist;
				IPHONEOS_DEPLOYMENT_TARGET = 10.0;
				LD_RUNPATH_SEARCH_PATHS = "$(inherited) @executable_path/Frameworks";
				PRODUCT_BUNDLE_IDENTIFIER = com.mcat345.vkswift;
				PRODUCT_NAME = "$(TARGET_NAME)";
				SWIFT_VERSION = 3.0;
			};
			name = Debug;
		};
		84234EBC1DD65F9A003F28A4 /* Release */ = {
			isa = XCBuildConfiguration;
			baseConfigurationReference = DF768CD34581C645AB9EC7ED /* Pods-vkswift.release.xcconfig */;
			buildSettings = {
				ALWAYS_EMBED_SWIFT_STANDARD_LIBRARIES = YES;
				ASSETCATALOG_COMPILER_APPICON_NAME = AppIcon;
				DEVELOPMENT_TEAM = PWK5859Q78;
				INFOPLIST_FILE = vkswift/Info.plist;
				IPHONEOS_DEPLOYMENT_TARGET = 10.0;
				LD_RUNPATH_SEARCH_PATHS = "$(inherited) @executable_path/Frameworks";
				PRODUCT_BUNDLE_IDENTIFIER = com.mcat345.vkswift;
				PRODUCT_NAME = "$(TARGET_NAME)";
				SWIFT_VERSION = 3.0;
			};
			name = Release;
		};
/* End XCBuildConfiguration section */

/* Begin XCConfigurationList section */
		84234EA01DD65F9A003F28A4 /* Build configuration list for PBXProject "vkswift" */ = {
			isa = XCConfigurationList;
			buildConfigurations = (
				84234EB81DD65F9A003F28A4 /* Debug */,
				84234EB91DD65F9A003F28A4 /* Release */,
			);
			defaultConfigurationIsVisible = 0;
			defaultConfigurationName = Release;
		};
		84234EBA1DD65F9A003F28A4 /* Build configuration list for PBXNativeTarget "vkswift" */ = {
			isa = XCConfigurationList;
			buildConfigurations = (
				84234EBB1DD65F9A003F28A4 /* Debug */,
				84234EBC1DD65F9A003F28A4 /* Release */,
			);
			defaultConfigurationIsVisible = 0;
			defaultConfigurationName = Release;
		};
/* End XCConfigurationList section */

/* Begin XCVersionGroup section */
		841044D11DDB0AF000E9E0F5 /* vkswift.xcdatamodeld */ = {
			isa = XCVersionGroup;
			children = (
				841044D21DDB0AF000E9E0F5 /* vkswift.xcdatamodel */,
			);
			currentVersion = 841044D21DDB0AF000E9E0F5 /* vkswift.xcdatamodel */;
			path = vkswift.xcdatamodeld;
			sourceTree = "<group>";
			versionGroupType = wrapper.xcdatamodel;
		};
/* End XCVersionGroup section */
	};
	rootObject = 84234E9D1DD65F9A003F28A4 /* Project object */;
}
